{
  "originHash" : "0b1a82b3a793a22a7ea3ccc3e82cbbf89bc0f65a40be1c9e8793bdcf3eea2eb8",
  "pins" : [
    {
      "identity" : "codescanner",
      "kind" : "remoteSourceControl",
      "location" : "https://github.com/twostraws/CodeScanner",
      "state" : {
        "branch" : "main",
        "revision" : "9fa582f4b36c69c2a55bff5fb3377eb170ae273c"
      }
    },
    {
      "identity" : "hdatepicker",
      "kind" : "remoteSourceControl",
      "location" : "https://github.com/alexphanna/HDatePicker",
      "state" : {
        "branch" : "main",
        "revision" : "f3cb0c1f0d5bf8dba0f1a827af87ee31ec218c0a"
      }
    }
  ],
  "version" : 3
}
