{
  "originHash" : "c7ee2ccdb013b39429bcdd8fe1b502bacfdf444fa231dbdf0f8d68c74b3b028e",
  "pins" : [
    {
      "identity" : "codescanner",
      "kind" : "remoteSourceControl",
      "location" : "https://github.com/twostraws/CodeScanner",
      "state" : {
        "branch" : "main",
        "revision" : "5e886430238944c7200fc9e10dbf2d9550dba865"
      }
    },
    {
      "identity" : "hdatepicker",
      "kind" : "remoteSourceControl",
      "location" : "https://github.com/alexphanna/HDatePicker",
      "state" : {
        "branch" : "main",
        "revision" : "e28bd6eed48050ef1b0bbd838ba7df35207b08b0"
      }
    }
  ],
  "version" : 3
}
